lockfileVersion: '9.0'

settings:
  autoInstallPeers: true
  excludeLinksFromLockfile: false

importers:

  .:
    dependencies:
      '@scure/base':
        specifier: 2.3.0
        version: 2.3.0

packages:

  '@scure/base@2.3.0':
    resolution: {integrity: sha512-NsG6Y03tY6R5BUis4FdVtHVkur0U6FOzskgs9ZXNl78CUc9fkZ78HmENUle1nSOkCasDmbubmWD9qwB7mm4PZA==}

snapshots:

  '@scure/base@2.3.0': {}
