lockfileVersion: '9.0'

settings:
  autoInstallPeers: true
  excludeLinksFromLockfile: false

importers:

  .:
    dependencies:
      '@scure/base':
        specifier: 2.4.0
        version: 2.4.0

packages:

  '@scure/base@2.4.0':
    resolution: {integrity: sha512-thZ1TuJwFwBblOhgsjDKvvGirBxNp+wSvY/DR6tJBJOTDhdAAcHJ8Vbr2eFnqaxeca4+t0i9KBf+uHYGWwZORg==}

snapshots:

  '@scure/base@2.4.0': {}
