lockfileVersion: '9.0'

settings:
  autoInstallPeers: true
  excludeLinksFromLockfile: false

importers:

  .:
    dependencies:
      '@scure/base':
        specifier: 2.2.0
        version: 2.2.0

packages:

  '@scure/base@2.2.0':
    resolution: {integrity: sha512-b8XEupJibegiXV+tDUseI8oLQc8ei3d/4Jkb2RpbHh3MfE054ov3uIz2dhFkB3FI8iwYkEh0gGCApkrYggkPNg==}

snapshots:

  '@scure/base@2.2.0': {}
